// !$*UTF8*$!
{
	archiveVersion = 1;
	classes = {
	};
	objectVersion = 50;
	objects = {

/* Begin PBXBuildFile section */
		3516F12022153CB5001240EE /* AppDelegate.swift in Sources */ = {isa = PBXBuildFile; fileRef = 3516F11F22153CB5001240EE /* AppDelegate.swift */; };
		3516F12222153CB5001240EE /* ViewController.swift in Sources */ = {isa = PBXBuildFile; fileRef = 3516F12122153CB5001240EE /* ViewController.swift */; };
		3516F12522153CB5001240EE /* Main.storyboard in Resources */ = {isa = PBXBuildFile; fileRef = 3516F12322153CB5001240EE /* Main.storyboard */; };
		3516F12722153CB8001240EE /* Assets.xcassets in Resources */ = {isa = PBXBuildFile; fileRef = 3516F12622153CB8001240EE /* Assets.xcassets */; };
		3516F12A22153CB8001240EE /* LaunchScreen.storyboard in Resources */ = {isa = PBXBuildFile; fileRef = 3516F12822153CB8001240EE /* LaunchScreen.storyboard */; };
		3516F13222153D46001240EE /* SignUpViewController.swift in Sources */ = {isa = PBXBuildFile; fileRef = 3516F13122153D46001240EE /* SignUpViewController.swift */; };
		3516F13422153D4F001240EE /* SignInViewController.swift in Sources */ = {isa = PBXBuildFile; fileRef = 3516F13322153D4F001240EE /* SignInViewController.swift */; };
		35C8337222167BA600AB458D /* GoogleService-Info.plist in Resources */ = {isa = PBXBuildFile; fileRef = 35C8337122167BA600AB458D /* GoogleService-Info.plist */; };
		35C8337522168EA200AB458D /* Item.swift in Sources */ = {isa = PBXBuildFile; fileRef = 35C8337422168EA200AB458D /* Item.swift */; };
		35C8337722168F6700AB458D /* HomeViewController.swift in Sources */ = {isa = PBXBuildFile; fileRef = 35C8337622168F6700AB458D /* HomeViewController.swift */; };
		5F7F9166842B1609B7371193 /* Pods_ToDoBackend.framework in Frameworks */ = {isa = PBXBuildFile; fileRef = 9594D3F80830C2DA8B61CC99 /* Pods_ToDoBackend.framework */; };
/* End PBXBuildFile section */

/* Begin PBXFileReference section */
		3516F11C22153CB4001240EE /* ToDoBackend.app */ = {isa = PBXFileReference; explicitFileType = wrapper.application; includeInIndex = 0; path = ToDoBackend.app; sourceTree = BUILT_PRODUCTS_DIR; };
		3516F11F22153CB5001240EE /* AppDelegate.swift */ = {isa = PBXFileReference; lastKnownFileType = sourcecode.swift; path = AppDelegate.swift; sourceTree = "<group>"; };
		3516F12122153CB5001240EE /* ViewController.swift */ = {isa = PBXFileReference; lastKnownFileType = sourcecode.swift; path = ViewController.swift; sourceTree = "<group>"; };
		3516F12422153CB5001240EE /* Base */ = {isa = PBXFileReference; lastKnownFileType = file.storyboard; name = Base; path = Base.lproj/Main.storyboard; sourceTree = "<group>"; };
		3516F12622153CB8001240EE /* Assets.xcassets */ = {isa = PBXFileReference; lastKnownFileType = folder.assetcatalog; path = Assets.xcassets; sourceTree = "<group>"; };
		3516F12922153CB8001240EE /* Base */ = {isa = PBXFileReference; lastKnownFileType = file.storyboard; name = Base; path = Base.lproj/LaunchScreen.storyboard; sourceTree = "<group>"; };
		3516F12B22153CB8001240EE /* Info.plist */ = {isa = PBXFileReference; lastKnownFileType = text.plist.xml; path = Info.plist; sourceTree = "<group>"; };
		3516F13122153D46001240EE /* SignUpViewController.swift */ = {isa = PBXFileReference; lastKnownFileType = sourcecode.swift; path = SignUpViewController.swift; sourceTree = "<group>"; };
		3516F13322153D4F001240EE /* SignInViewController.swift */ = {isa = PBXFileReference; lastKnownFileType = sourcecode.swift; path = SignInViewController.swift; sourceTree = "<group>"; };
		35C8337122167BA600AB458D /* GoogleService-Info.plist */ = {isa = PBXFileReference; fileEncoding = 4; lastKnownFileType = text.plist.xml; path = "GoogleService-Info.plist"; sourceTree = "<group>"; };
		35C8337422168EA200AB458D /* Item.swift */ = {isa = PBXFileReference; lastKnownFileType = sourcecode.swift; path = Item.swift; sourceTree = "<group>"; };
		35C8337622168F6700AB458D /* HomeViewController.swift */ = {isa = PBXFileReference; lastKnownFileType = sourcecode.swift; path = HomeViewController.swift; sourceTree = "<group>"; };
		38D4B21914934B716FFB1DE1 /* Pods-ToDoBackend.release.xcconfig */ = {isa = PBXFileReference; includeInIndex = 1; lastKnownFileType = text.xcconfig; name = "Pods-ToDoBackend.release.xcconfig"; path = "Target Support Files/Pods-ToDoBackend/Pods-ToDoBackend.release.xcconfig"; sourceTree = "<group>"; };
		4CFA7ACEB2A7B4F1C3B2CC0A /* Pods-ToDoBackend.debug.xcconfig */ = {isa = PBXFileReference; includeInIndex = 1; lastKnownFileType = text.xcconfig; name = "Pods-ToDoBackend.debug.xcconfig"; path = "Target Support Files/Pods-ToDoBackend/Pods-ToDoBackend.debug.xcconfig"; sourceTree = "<group>"; };
		9594D3F80830C2DA8B61CC99 /* Pods_ToDoBackend.framework */ = {isa = PBXFileReference; explicitFileType = wrapper.framework; includeInIndex = 0; path = Pods_ToDoBackend.framework; sourceTree = BUILT_PRODUCTS_DIR; };
/* End PBXFileReference section */

/* Begin PBXFrameworksBuildPhase section */
		3516F11922153CB4001240EE /* Frameworks */ = {
			isa = PBXFrameworksBuildPhase;
			buildActionMask = 2147483647;
			files = (
				5F7F9166842B1609B7371193 /* Pods_ToDoBackend.framework in Frameworks */,
			);
			runOnlyForDeploymentPostprocessing = 0;
		};
/* End PBXFrameworksBuildPhase section */

/* Begin PBXGroup section */
		26EA3C8D3302EFA8ABD46014 /* Pods */ = {
			isa = PBXGroup;
			children = (
				4CFA7ACEB2A7B4F1C3B2CC0A /* Pods-ToDoBackend.debug.xcconfig */,
				38D4B21914934B716FFB1DE1 /* Pods-ToDoBackend.release.xcconfig */,
			);
			path = Pods;
			sourceTree = "<group>";
		};
		3516F11322153CB4001240EE = {
			isa = PBXGroup;
			children = (
				3516F11E22153CB4001240EE /* ToDoBackend */,
				3516F11D22153CB4001240EE /* Products */,
				26EA3C8D3302EFA8ABD46014 /* Pods */,
				AA4E1CDE7DCE0F0E9CBD7940 /* Frameworks */,
			);
			sourceTree = "<group>";
		};
		3516F11D22153CB4001240EE /* Products */ = {
			isa = PBXGroup;
			children = (
				3516F11C22153CB4001240EE /* ToDoBackend.app */,
			);
			name = Products;
			sourceTree = "<group>";
		};
		3516F11E22153CB4001240EE /* ToDoBackend */ = {
			isa = PBXGroup;
			children = (
				35C8337322168E9500AB458D /* Model */,
				3516F11F22153CB5001240EE /* AppDelegate.swift */,
				3516F12122153CB5001240EE /* ViewController.swift */,
				3516F12322153CB5001240EE /* Main.storyboard */,
				35C8337622168F6700AB458D /* HomeViewController.swift */,
				3516F13122153D46001240EE /* SignUpViewController.swift */,
				3516F13322153D4F001240EE /* SignInViewController.swift */,
				3516F12622153CB8001240EE /* Assets.xcassets */,
				3516F12822153CB8001240EE /* LaunchScreen.storyboard */,
				35C8337122167BA600AB458D /* GoogleService-Info.plist */,
				3516F12B22153CB8001240EE /* Info.plist */,
			);
			path = ToDoBackend;
			sourceTree = "<group>";
		};
		35C8337322168E9500AB458D /* Model */ = {
			isa = PBXGroup;
			children = (
				35C8337422168EA200AB458D /* Item.swift */,
			);
			path = Model;
			sourceTree = "<group>";
		};
		AA4E1CDE7DCE0F0E9CBD7940 /* Frameworks */ = {
			isa = PBXGroup;
			children = (
				9594D3F80830C2DA8B61CC99 /* Pods_ToDoBackend.framework */,
			);
			name = Frameworks;
			sourceTree = "<group>";
		};
/* End PBXGroup section */

/* Begin PBXNativeTarget section */
		3516F11B22153CB4001240EE /* ToDoBackend */ = {
			isa = PBXNativeTarget;
			buildConfigurationList = 3516F12E22153CB8001240EE /* Build configuration list for PBXNativeTarget "ToDoBackend" */;
			buildPhases = (
				F2B709549ADD1220A6553900 /* [CP] Check Pods Manifest.lock */,
				3516F11822153CB4001240EE /* Sources */,
				3516F11922153CB4001240EE /* Frameworks */,
				3516F11A22153CB4001240EE /* Resources */,
				16DAD1562C9BB2920F8FC887 /* [CP] Embed Pods Frameworks */,
			);
			buildRules = (
			);
			dependencies = (
			);
			name = ToDoBackend;
			productName = ToDoBackend;
			productReference = 3516F11C22153CB4001240EE /* ToDoBackend.app */;
			productType = "com.apple.product-type.application";
		};
/* End PBXNativeTarget section */

/* Begin PBXProject section */
		3516F11422153CB4001240EE /* Project object */ = {
			isa = PBXProject;
			attributes = {
				LastSwiftUpdateCheck = 1010;
				LastUpgradeCheck = 1010;
				ORGANIZATIONNAME = clarionTechnologies;
				TargetAttributes = {
					3516F11B22153CB4001240EE = {
						CreatedOnToolsVersion = 10.1;
					};
				};
			};
			buildConfigurationList = 3516F11722153CB4001240EE /* Build configuration list for PBXProject "ToDoBackend" */;
			compatibilityVersion = "Xcode 9.3";
			developmentRegion = en;
			hasScannedForEncodings = 0;
			knownRegions = (
				en,
				Base,
			);
			mainGroup = 3516F11322153CB4001240EE;
			productRefGroup = 3516F11D22153CB4001240EE /* Products */;
			projectDirPath = "";
			projectRoot = "";
			targets = (
				3516F11B22153CB4001240EE /* ToDoBackend */,
			);
		};
/* End PBXProject section */

/* Begin PBXResourcesBuildPhase section */
		3516F11A22153CB4001240EE /* Resources */ = {
			isa = PBXResourcesBuildPhase;
			buildActionMask = 2147483647;
			files = (
				3516F12A22153CB8001240EE /* LaunchScreen.storyboard in Resources */,
				35C8337222167BA600AB458D /* GoogleService-Info.plist in Resources */,
				3516F12722153CB8001240EE /* Assets.xcassets in Resources */,
				3516F12522153CB5001240EE /* Main.storyboard in Resources */,
			);
			runOnlyForDeploymentPostprocessing = 0;
		};
/* End PBXResourcesBuildPhase section */

/* Begin PBXShellScriptBuildPhase section */
		16DAD1562C9BB2920F8FC887 /* [CP] Embed Pods Frameworks */ = {
			isa = PBXShellScriptBuildPhase;
			buildActionMask = 2147483647;
			files = (
			);
			inputFileListPaths = (
			);
			inputPaths = (
				"${PODS_ROOT}/Target Support Files/Pods-ToDoBackend/Pods-ToDoBackend-frameworks.sh",
				"${BUILT_PRODUCTS_DIR}/GTMSessionFetcher/GTMSessionFetcher.framework",
				"${BUILT_PRODUCTS_DIR}/GoogleUtilities/GoogleUtilities.framework",
				"${BUILT_PRODUCTS_DIR}/leveldb-library/leveldb.framework",
				"${BUILT_PRODUCTS_DIR}/nanopb/nanopb.framework",
			);
			name = "[CP] Embed Pods Frameworks";
			outputFileListPaths = (
			);
			outputPaths = (
				"${TARGET_BUILD_DIR}/${FRAMEWORKS_FOLDER_PATH}/GTMSessionFetcher.framework",
				"${TARGET_BUILD_DIR}/${FRAMEWORKS_FOLDER_PATH}/GoogleUtilities.framework",
				"${TARGET_BUILD_DIR}/${FRAMEWORKS_FOLDER_PATH}/leveldb.framework",
				"${TARGET_BUILD_DIR}/${FRAMEWORKS_FOLDER_PATH}/nanopb.framework",
			);
			runOnlyForDeploymentPostprocessing = 0;
			shellPath = /bin/sh;
			shellScript = "\"${PODS_ROOT}/Target Support Files/Pods-ToDoBackend/Pods-ToDoBackend-frameworks.sh\"\n";
			showEnvVarsInLog = 0;
		};
		F2B709549ADD1220A6553900 /* [CP] Check Pods Manifest.lock */ = {
			isa = PBXShellScriptBuildPhase;
			buildActionMask = 2147483647;
			files = (
			);
			inputFileListPaths = (
			);
			inputPaths = (
				"${PODS_PODFILE_DIR_PATH}/Podfile.lock",
				"${PODS_ROOT}/Manifest.lock",
			);
			name = "[CP] Check Pods Manifest.lock";
			outputFileListPaths = (
			);
			outputPaths = (
				"$(DERIVED_FILE_DIR)/Pods-ToDoBackend-checkManifestLockResult.txt",
			);
			runOnlyForDeploymentPostprocessing = 0;
			shellPath = /bin/sh;
			shellScript = "diff \"${PODS_PODFILE_DIR_PATH}/Podfile.lock\" \"${PODS_ROOT}/Manifest.lock\" > /dev/null\nif [ $? != 0 ] ; then\n    # print error to STDERR\n    echo \"error: The sandbox is not in sync with the Podfile.lock. Run 'pod install' or update your CocoaPods installation.\" >&2\n    exit 1\nfi\n# This output is used by Xcode 'outputs' to avoid re-running this script phase.\necho \"SUCCESS\" > \"${SCRIPT_OUTPUT_FILE_0}\"\n";
			showEnvVarsInLog = 0;
		};
/* End PBXShellScriptBuildPhase section */

/* Begin PBXSourcesBuildPhase section */
		3516F11822153CB4001240EE /* Sources */ = {
			isa = PBXSourcesBuildPhase;
			buildActionMask = 2147483647;
			files = (
				35C8337522168EA200AB458D /* Item.swift in Sources */,
				3516F13422153D4F001240EE /* SignInViewController.swift in Sources */,
				3516F13222153D46001240EE /* SignUpViewController.swift in Sources */,
				3516F12222153CB5001240EE /* ViewController.swift in Sources */,
				3516F12022153CB5001240EE /* AppDelegate.swift in Sources */,
				35C8337722168F6700AB458D /* HomeViewController.swift in Sources */,
			);
			runOnlyForDeploymentPostprocessing = 0;
		};
/* End PBXSourcesBuildPhase section */

/* Begin PBXVariantGroup section */
		3516F12322153CB5001240EE /* Main.storyboard */ = {
			isa = PBXVariantGroup;
			children = (
				3516F12422153CB5001240EE /* Base */,
			);
			name = Main.storyboard;
			sourceTree = "<group>";
		};
		3516F12822153CB8001240EE /* LaunchScreen.storyboard */ = {
			isa = PBXVariantGroup;
			children = (
				3516F12922153CB8001240EE /* Base */,
			);
			name = LaunchScreen.storyboard;
			sourceTree = "<group>";
		};
/* End PBXVariantGroup section */

/* Begin XCBuildConfiguration section */
		3516F12C22153CB8001240EE /* Debug */ = {
			isa = XCBuildConfiguration;
			buildSettings = {
				ALWAYS_SEARCH_USER_PATHS = NO;
				CLANG_ANALYZER_NONNULL = YES;
				CLANG_ANALYZER_NUMBER_OBJECT_CONVERSION = YES_AGGRESSIVE;
				CLANG_CXX_LANGUAGE_STANDARD = "gnu++14";
				CLANG_CXX_LIBRARY = "libc++";
				CLANG_ENABLE_MODULES = YES;
				CLANG_ENABLE_OBJC_ARC = YES;
				CLANG_ENABLE_OBJC_WEAK = YES;
				CLANG_WARN_BLOCK_CAPTURE_AUTORELEASING = YES;
				CLANG_WARN_BOOL_CONVERSION = YES;
				CLANG_WARN_COMMA = YES;
				CLANG_WARN_CONSTANT_CONVERSION = YES;
				CLANG_WARN_DEPRECATED_OBJC_IMPLEMENTATIONS = YES;
				CLANG_WARN_DIRECT_OBJC_ISA_USAGE = YES_ERROR;
				CLANG_WARN_DOCUMENTATION_COMMENTS = YES;
				CLANG_WARN_EMPTY_BODY = YES;
				CLANG_WARN_ENUM_CONVERSION = YES;
				CLANG_WARN_INFINITE_RECURSION = YES;
				CLANG_WARN_INT_CONVERSION = YES;
				CLANG_WARN_NON_LITERAL_NULL_CONVERSION = YES;
				CLANG_WARN_OBJC_IMPLICIT_RETAIN_SELF = YES;
				CLANG_WARN_OBJC_LITERAL_CONVERSION = YES;
				CLANG_WARN_OBJC_ROOT_CLASS = YES_ERROR;
				CLANG_WARN_RANGE_LOOP_ANALYSIS = YES;
				CLANG_WARN_STRICT_PROTOTYPES = YES;
				CLANG_WARN_SUSPICIOUS_MOVE = YES;
				CLANG_WARN_UNGUARDED_AVAILABILITY = YES_AGGRESSIVE;
				CLANG_WARN_UNREACHABLE_CODE = YES;
				CLANG_WARN__DUPLICATE_METHOD_MATCH = YES;
				CODE_SIGN_IDENTITY = "iPhone Developer";
				COPY_PHASE_STRIP = NO;
				DEBUG_INFORMATION_FORMAT = dwarf;
				ENABLE_STRICT_OBJC_MSGSEND = YES;
				ENABLE_TESTABILITY = YES;
				GCC_C_LANGUAGE_STANDARD = gnu11;
				GCC_DYNAMIC_NO_PIC = NO;
				GCC_NO_COMMON_BLOCKS = YES;
				GCC_OPTIMIZATION_LEVEL = 0;
				GCC_PREPROCESSOR_DEFINITIONS = (
					"DEBUG=1",
					"$(inherited)",
				);
				GCC_WARN_64_TO_32_BIT_CONVERSION = YES;
				GCC_WARN_ABOUT_RETURN_TYPE = YES_ERROR;
				GCC_WARN_UNDECLARED_SELECTOR = YES;
				GCC_WARN_UNINITIALIZED_AUTOS = YES_AGGRESSIVE;
				GCC_WARN_UNUSED_FUNCTION = YES;
				GCC_WARN_UNUSED_VARIABLE = YES;
				IPHONEOS_DEPLOYMENT_TARGET = 12.1;
				MTL_ENABLE_DEBUG_INFO = INCLUDE_SOURCE;
				MTL_FAST_MATH = YES;
				ONLY_ACTIVE_ARCH = YES;
				SDKROOT = iphoneos;
				SWIFT_ACTIVE_COMPILATION_CONDITIONS = DEBUG;
				SWIFT_OPTIMIZATION_LEVEL = "-Onone";
			};
			name = Debug;
		};
		3516F12D22153CB8001240EE /* Release */ = {
			isa = XCBuildConfiguration;
			buildSettings = {
				ALWAYS_SEARCH_USER_PATHS = NO;
				CLANG_ANALYZER_NONNULL = YES;
				CLANG_ANALYZER_NUMBER_OBJECT_CONVERSION = YES_AGGRESSIVE;
				CLANG_CXX_LANGUAGE_STANDARD = "gnu++14";
				CLANG_CXX_LIBRARY = "libc++";
				CLANG_ENABLE_MODULES = YES;
				CLANG_ENABLE_OBJC_ARC = YES;
				CLANG_ENABLE_OBJC_WEAK = YES;
				CLANG_WARN_BLOCK_CAPTURE_AUTORELEASING = YES;
				CLANG_WARN_BOOL_CONVERSION = YES;
				CLANG_WARN_COMMA = YES;
				CLANG_WARN_CONSTANT_CONVERSION = YES;
				CLANG_WARN_DEPRECATED_OBJC_IMPLEMENTATIONS = YES;
				CLANG_WARN_DIRECT_OBJC_ISA_USAGE = YES_ERROR;
				CLANG_WARN_DOCUMENTATION_COMMENTS = YES;
				CLANG_WARN_EMPTY_BODY = YES;
				CLANG_WARN_ENUM_CONVERSION = YES;
				CLANG_WARN_INFINITE_RECURSION = YES;
				CLANG_WARN_INT_CONVERSION = YES;
				CLANG_WARN_NON_LITERAL_NULL_CONVERSION = YES;
				CLANG_WARN_OBJC_IMPLICIT_RETAIN_SELF = YES;
				CLANG_WARN_OBJC_LITERAL_CONVERSION = YES;
				CLANG_WARN_OBJC_ROOT_CLASS = YES_ERROR;
				CLANG_WARN_RANGE_LOOP_ANALYSIS = YES;
				CLANG_WARN_STRICT_PROTOTYPES = YES;
				CLANG_WARN_SUSPICIOUS_MOVE = YES;
				CLANG_WARN_UNGUARDED_AVAILABILITY = YES_AGGRESSIVE;
				CLANG_WARN_UNREACHABLE_CODE = YES;
				CLANG_WARN__DUPLICATE_METHOD_MATCH = YES;
				CODE_SIGN_IDENTITY = "iPhone Developer";
				COPY_PHASE_STRIP = NO;
				DEBUG_INFORMATION_FORMAT = "dwarf-with-dsym";
				ENABLE_NS_ASSERTIONS = NO;
				ENABLE_STRICT_OBJC_MSGSEND = YES;
				GCC_C_LANGUAGE_STANDARD = gnu11;
				GCC_NO_COMMON_BLOCKS = YES;
				GCC_WARN_64_TO_32_BIT_CONVERSION = YES;
				GCC_WARN_ABOUT_RETURN_TYPE = YES_ERROR;
				GCC_WARN_UNDECLARED_SELECTOR = YES;
				GCC_WARN_UNINITIALIZED_AUTOS = YES_AGGRESSIVE;
				GCC_WARN_UNUSED_FUNCTION = YES;
				GCC_WARN_UNUSED_VARIABLE = YES;
				IPHONEOS_DEPLOYMENT_TARGET = 12.1;
				MTL_ENABLE_DEBUG_INFO = NO;
				MTL_FAST_MATH = YES;
				SDKROOT = iphoneos;
				SWIFT_COMPILATION_MODE = wholemodule;
				SWIFT_OPTIMIZATION_LEVEL = "-O";
				VALIDATE_PRODUCT = YES;
			};
			name = Release;
		};
		3516F12F22153CB8001240EE /* Debug */ = {
			isa = XCBuildConfiguration;
			baseConfigurationReference = 4CFA7ACEB2A7B4F1C3B2CC0A /* Pods-ToDoBackend.debug.xcconfig */;
			buildSettings = {
				ASSETCATALOG_COMPILER_APPICON_NAME = AppIcon;
				CODE_SIGN_STYLE = Automatic;
				DEVELOPMENT_TEAM = CAQ9WMX6MH;
				INFOPLIST_FILE = ToDoBackend/Info.plist;
				LD_RUNPATH_SEARCH_PATHS = (
					"$(inherited)",
					"@executable_path/Frameworks",
				);
				PRODUCT_BUNDLE_IDENTIFIER = com.clarion.ToDoBackend;
				PRODUCT_NAME = "$(TARGET_NAME)";
				SWIFT_VERSION = 4.2;
				TARGETED_DEVICE_FAMILY = "1,2";
			};
			name = Debug;
		};
		3516F13022153CB8001240EE /* Release */ = {
			isa = XCBuildConfiguration;
			baseConfigurationReference = 38D4B21914934B716FFB1DE1 /* Pods-ToDoBackend.release.xcconfig */;
			buildSettings = {
				ASSETCATALOG_COMPILER_APPICON_NAME = AppIcon;
				CODE_SIGN_STYLE = Automatic;
				DEVELOPMENT_TEAM = CAQ9WMX6MH;
				INFOPLIST_FILE = ToDoBackend/Info.plist;
				LD_RUNPATH_SEARCH_PATHS = (
					"$(inherited)",
					"@executable_path/Frameworks",
				);
				PRODUCT_BUNDLE_IDENTIFIER = com.clarion.ToDoBackend;
				PRODUCT_NAME = "$(TARGET_NAME)";
				SWIFT_VERSION = 4.2;
				TARGETED_DEVICE_FAMILY = "1,2";
			};
			name = Release;
		};
/* End XCBuildConfiguration section */

/* Begin XCConfigurationList section */
		3516F11722153CB4001240EE /* Build configuration list for PBXProject "ToDoBackend" */ = {
			isa = XCConfigurationList;
			buildConfigurations = (
				3516F12C22153CB8001240EE /* Debug */,
				3516F12D22153CB8001240EE /* Release */,
			);
			defaultConfigurationIsVisible = 0;
			defaultConfigurationName = Release;
		};
		3516F12E22153CB8001240EE /* Build configuration list for PBXNativeTarget "ToDoBackend" */ = {
			isa = XCConfigurationList;
			buildConfigurations = (
				3516F12F22153CB8001240EE /* Debug */,
				3516F13022153CB8001240EE /* Release */,
			);
			defaultConfigurationIsVisible = 0;
			defaultConfigurationName = Release;
		};
/* End XCConfigurationList section */
	};
	rootObject = 3516F11422153CB4001240EE /* Project object */;
}
